// !$*UTF8*$!
{
	archiveVersion = 1;
	classes = {
	};
	objectVersion = 60;
	objects = {

/* Begin PBXBuildFile section */
		5F180467FD2C5FF45186F7E0 /* Pods_MedBoxApp.framework in Frameworks */ = {isa = PBXBuildFile; fileRef = 1E2F9F8CA5F50410B3124BB4 /* Pods_MedBoxApp.framework */; };
		A10000000000000000000001 /* MedBoxApp.swift in Sources */ = {isa = PBXBuildFile; fileRef = B10000000000000000000001 /* MedBoxApp.swift */; };
		A10000000000000000000002 /* BLEProtocol.swift in Sources */ = {isa = PBXBuildFile; fileRef = B10000000000000000000002 /* BLEProtocol.swift */; };
		A10000000000000000000003 /* BLEMessageParser.swift in Sources */ = {isa = PBXBuildFile; fileRef = B10000000000000000000003 /* BLEMessageParser.swift */; };
		A10000000000000000000004 /* Medication.swift in Sources */ = {isa = PBXBuildFile; fileRef = B10000000000000000000004 /* Medication.swift */; };
		A10000000000000000000005 /* MedicationEventRecord.swift in Sources */ = {isa = PBXBuildFile; fileRef = B10000000000000000000005 /* MedicationEventRecord.swift */; };
		A10000000000000000000006 /* MedicationDeviceTransport.swift in Sources */ = {isa = PBXBuildFile; fileRef = B10000000000000000000006 /* MedicationDeviceTransport.swift */; };
		A10000000000000000000007 /* BLEManager.swift in Sources */ = {isa = PBXBuildFile; fileRef = B10000000000000000000007 /* BLEManager.swift */; };
		A10000000000000000000008 /* MockMedicationDevice.swift in Sources */ = {isa = PBXBuildFile; fileRef = B10000000000000000000008 /* MockMedicationDevice.swift */; };
		A10000000000000000000009 /* EventHistoryStore.swift in Sources */ = {isa = PBXBuildFile; fileRef = B10000000000000000000009 /* EventHistoryStore.swift */; };
		A1000000000000000000000A /* MedicationAppViewModel.swift in Sources */ = {isa = PBXBuildFile; fileRef = B1000000000000000000000A /* MedicationAppViewModel.swift */; };
		A1000000000000000000000B /* AppTheme.swift in Sources */ = {isa = PBXBuildFile; fileRef = B1000000000000000000000B /* AppTheme.swift */; };
		A1000000000000000000000C /* RootView.swift in Sources */ = {isa = PBXBuildFile; fileRef = B1000000000000000000000C /* RootView.swift */; };
		A1000000000000000000000D /* HomeView.swift in Sources */ = {isa = PBXBuildFile; fileRef = B1000000000000000000000D /* HomeView.swift */; };
		A1000000000000000000000E /* MedicationFlowView.swift in Sources */ = {isa = PBXBuildFile; fileRef = B1000000000000000000000E /* MedicationFlowView.swift */; };
		A1000000000000000000000F /* ResultView.swift in Sources */ = {isa = PBXBuildFile; fileRef = B1000000000000000000000F /* ResultView.swift */; };
		A10000000000000000000010 /* HistoryView.swift in Sources */ = {isa = PBXBuildFile; fileRef = B10000000000000000000010 /* HistoryView.swift */; };
		A10000000000000000000011 /* DeviceStatusView.swift in Sources */ = {isa = PBXBuildFile; fileRef = B10000000000000000000011 /* DeviceStatusView.swift */; };
		A10000000000000000000012 /* Assets.xcassets in Resources */ = {isa = PBXBuildFile; fileRef = B10000000000000000000012 /* Assets.xcassets */; };
		A10000000000000000000013 /* BLEMessageParserXCTest.swift in Sources */ = {isa = PBXBuildFile; fileRef = B10000000000000000000013 /* BLEMessageParserXCTest.swift */; };
		A10000000000000000000014 /* AppLanguage.swift in Sources */ = {isa = PBXBuildFile; fileRef = B10000000000000000000017 /* AppLanguage.swift */; };
		A10000000000000000000015 /* Prescription.swift in Sources */ = {isa = PBXBuildFile; fileRef = B10000000000000000000018 /* Prescription.swift */; };
		A10000000000000000000016 /* PrescriptionStore.swift in Sources */ = {isa = PBXBuildFile; fileRef = B10000000000000000000019 /* PrescriptionStore.swift */; };
		A10000000000000000000017 /* PatientIdentityStore.swift in Sources */ = {isa = PBXBuildFile; fileRef = B1000000000000000000001A /* PatientIdentityStore.swift */; };
		A10000000000000000000018 /* PatientDataProvider.swift in Sources */ = {isa = PBXBuildFile; fileRef = B1000000000000000000001B /* PatientDataProvider.swift */; };
		A10000000000000000000019 /* MedicationReminderScheduler.swift in Sources */ = {isa = PBXBuildFile; fileRef = B1000000000000000000001C /* MedicationReminderScheduler.swift */; };
		A1000000000000000000001A /* AddPrescriptionView.swift in Sources */ = {isa = PBXBuildFile; fileRef = B1000000000000000000001D /* AddPrescriptionView.swift */; };
		A1000000000000000000001B /* DoctorView.swift in Sources */ = {isa = PBXBuildFile; fileRef = B1000000000000000000001E /* DoctorView.swift */; };
		A1000000000000000000001C /* MJPEGFrameParser.swift in Sources */ = {isa = PBXBuildFile; fileRef = B1000000000000000000001F /* MJPEGFrameParser.swift */; };
		A1000000000000000000001D /* MedBoxCameraManager.swift in Sources */ = {isa = PBXBuildFile; fileRef = B10000000000000000000020 /* MedBoxCameraManager.swift */; };
		A1000000000000000000001E /* CameraPreviewView.swift in Sources */ = {isa = PBXBuildFile; fileRef = B10000000000000000000021 /* CameraPreviewView.swift */; };
		A1000000000000000000001F /* MJPEGFrameParserXCTest.swift in Sources */ = {isa = PBXBuildFile; fileRef = B10000000000000000000023 /* MJPEGFrameParserXCTest.swift */; };
		A10000000000000000000020 /* CameraActionFeatures.swift in Sources */ = {isa = PBXBuildFile; fileRef = B10000000000000000000024 /* CameraActionFeatures.swift */; };
		A10000000000000000000021 /* CameraActionInferenceEngine.swift in Sources */ = {isa = PBXBuildFile; fileRef = B10000000000000000000025 /* CameraActionInferenceEngine.swift */; };
		A10000000000000000000022 /* CameraActionClassifier.mlmodel in Resources */ = {isa = PBXBuildFile; fileRef = B10000000000000000000026 /* CameraActionClassifier.mlmodel */; };
		A10000000000000000000023 /* hand_landmarker.task in Resources */ = {isa = PBXBuildFile; fileRef = B10000000000000000000027 /* hand_landmarker.task */; };
		A10000000000000000000024 /* pose_landmarker_lite.task in Resources */ = {isa = PBXBuildFile; fileRef = B10000000000000000000028 /* pose_landmarker_lite.task */; };
		A10000000000000000000025 /* CameraActionFeaturesXCTest.swift in Sources */ = {isa = PBXBuildFile; fileRef = B10000000000000000000029 /* CameraActionFeaturesXCTest.swift */; };
/* End PBXBuildFile section */

/* Begin PBXContainerItemProxy section */
		C10000000000000000000001 /* PBXContainerItemProxy */ = {
			isa = PBXContainerItemProxy;
			containerPortal = D10000000000000000000001 /* Project object */;
			proxyType = 1;
			remoteGlobalIDString = E10000000000000000000001;
			remoteInfo = MedBoxApp;
		};
/* End PBXContainerItemProxy section */

/* Begin PBXFileReference section */
		032E6F64919BF7B7BB489659 /* Pods-MedBoxApp.debug.xcconfig */ = {isa = PBXFileReference; includeInIndex = 1; lastKnownFileType = text.xcconfig; name = "Pods-MedBoxApp.debug.xcconfig"; path = "Target Support Files/Pods-MedBoxApp/Pods-MedBoxApp.debug.xcconfig"; sourceTree = "<group>"; };
		1E2F9F8CA5F50410B3124BB4 /* Pods_MedBoxApp.framework */ = {isa = PBXFileReference; explicitFileType = wrapper.framework; includeInIndex = 0; path = Pods_MedBoxApp.framework; sourceTree = BUILT_PRODUCTS_DIR; };
		B10000000000000000000001 /* MedBoxApp.swift */ = {isa = PBXFileReference; lastKnownFileType = sourcecode.swift; path = MedBoxApp.swift; sourceTree = "<group>"; };
		B10000000000000000000002 /* BLEProtocol.swift */ = {isa = PBXFileReference; lastKnownFileType = sourcecode.swift; path = BLEProtocol.swift; sourceTree = "<group>"; };
		B10000000000000000000003 /* BLEMessageParser.swift */ = {isa = PBXFileReference; lastKnownFileType = sourcecode.swift; path = BLEMessageParser.swift; sourceTree = "<group>"; };
		B10000000000000000000004 /* Medication.swift */ = {isa = PBXFileReference; lastKnownFileType = sourcecode.swift; path = Medication.swift; sourceTree = "<group>"; };
		B10000000000000000000005 /* MedicationEventRecord.swift */ = {isa = PBXFileReference; lastKnownFileType = sourcecode.swift; path = MedicationEventRecord.swift; sourceTree = "<group>"; };
		B10000000000000000000006 /* MedicationDeviceTransport.swift */ = {isa = PBXFileReference; lastKnownFileType = sourcecode.swift; path = MedicationDeviceTransport.swift; sourceTree = "<group>"; };
		B10000000000000000000007 /* BLEManager.swift */ = {isa = PBXFileReference; lastKnownFileType = sourcecode.swift; path = BLEManager.swift; sourceTree = "<group>"; };
		B10000000000000000000008 /* MockMedicationDevice.swift */ = {isa = PBXFileReference; lastKnownFileType = sourcecode.swift; path = MockMedicationDevice.swift; sourceTree = "<group>"; };
		B10000000000000000000009 /* EventHistoryStore.swift */ = {isa = PBXFileReference; lastKnownFileType = sourcecode.swift; path = EventHistoryStore.swift; sourceTree = "<group>"; };
		B1000000000000000000000A /* MedicationAppViewModel.swift */ = {isa = PBXFileReference; lastKnownFileType = sourcecode.swift; path = MedicationAppViewModel.swift; sourceTree = "<group>"; };
		B1000000000000000000000B /* AppTheme.swift */ = {isa = PBXFileReference; lastKnownFileType = sourcecode.swift; path = AppTheme.swift; sourceTree = "<group>"; };
		B1000000000000000000000C /* RootView.swift */ = {isa = PBXFileReference; lastKnownFileType = sourcecode.swift; path = RootView.swift; sourceTree = "<group>"; };
		B1000000000000000000000D /* HomeView.swift */ = {isa = PBXFileReference; lastKnownFileType = sourcecode.swift; path = HomeView.swift; sourceTree = "<group>"; };
		B1000000000000000000000E /* MedicationFlowView.swift */ = {isa = PBXFileReference; lastKnownFileType = sourcecode.swift; path = MedicationFlowView.swift; sourceTree = "<group>"; };
		B1000000000000000000000F /* ResultView.swift */ = {isa = PBXFileReference; lastKnownFileType = sourcecode.swift; path = ResultView.swift; sourceTree = "<group>"; };
		B10000000000000000000010 /* HistoryView.swift */ = {isa = PBXFileReference; lastKnownFileType = sourcecode.swift; path = HistoryView.swift; sourceTree = "<group>"; };
		B10000000000000000000011 /* DeviceStatusView.swift */ = {isa = PBXFileReference; lastKnownFileType = sourcecode.swift; path = DeviceStatusView.swift; sourceTree = "<group>"; };
		B10000000000000000000012 /* Assets.xcassets */ = {isa = PBXFileReference; lastKnownFileType = folder.assetcatalog; path = Assets.xcassets; sourceTree = "<group>"; };
		B10000000000000000000013 /* BLEMessageParserXCTest.swift */ = {isa = PBXFileReference; lastKnownFileType = sourcecode.swift; path = BLEMessageParserXCTest.swift; sourceTree = "<group>"; };
		B10000000000000000000014 /* Info.plist */ = {isa = PBXFileReference; lastKnownFileType = text.plist.xml; path = Info.plist; sourceTree = "<group>"; };
		B10000000000000000000015 /* MedBoxApp.app */ = {isa = PBXFileReference; explicitFileType = wrapper.application; includeInIndex = 0; path = MedBoxApp.app; sourceTree = BUILT_PRODUCTS_DIR; };
		B10000000000000000000016 /* MedBoxAppTests.xctest */ = {isa = PBXFileReference; explicitFileType = wrapper.cfbundle; includeInIndex = 0; path = MedBoxAppTests.xctest; sourceTree = BUILT_PRODUCTS_DIR; };
		B10000000000000000000017 /* AppLanguage.swift */ = {isa = PBXFileReference; lastKnownFileType = sourcecode.swift; path = AppLanguage.swift; sourceTree = "<group>"; };
		B10000000000000000000018 /* Prescription.swift */ = {isa = PBXFileReference; lastKnownFileType = sourcecode.swift; path = Prescription.swift; sourceTree = "<group>"; };
		B10000000000000000000019 /* PrescriptionStore.swift */ = {isa = PBXFileReference; lastKnownFileType = sourcecode.swift; path = PrescriptionStore.swift; sourceTree = "<group>"; };
		B1000000000000000000001A /* PatientIdentityStore.swift */ = {isa = PBXFileReference; lastKnownFileType = sourcecode.swift; path = PatientIdentityStore.swift; sourceTree = "<group>"; };
		B1000000000000000000001B /* PatientDataProvider.swift */ = {isa = PBXFileReference; lastKnownFileType = sourcecode.swift; path = PatientDataProvider.swift; sourceTree = "<group>"; };
		B1000000000000000000001C /* MedicationReminderScheduler.swift */ = {isa = PBXFileReference; lastKnownFileType = sourcecode.swift; path = MedicationReminderScheduler.swift; sourceTree = "<group>"; };
		B1000000000000000000001D /* AddPrescriptionView.swift */ = {isa = PBXFileReference; lastKnownFileType = sourcecode.swift; path = AddPrescriptionView.swift; sourceTree = "<group>"; };
		B1000000000000000000001E /* DoctorView.swift */ = {isa = PBXFileReference; lastKnownFileType = sourcecode.swift; path = DoctorView.swift; sourceTree = "<group>"; };
		B1000000000000000000001F /* MJPEGFrameParser.swift */ = {isa = PBXFileReference; lastKnownFileType = sourcecode.swift; path = MJPEGFrameParser.swift; sourceTree = "<group>"; };
		B10000000000000000000020 /* MedBoxCameraManager.swift */ = {isa = PBXFileReference; lastKnownFileType = sourcecode.swift; path = MedBoxCameraManager.swift; sourceTree = "<group>"; };
		B10000000000000000000021 /* CameraPreviewView.swift */ = {isa = PBXFileReference; lastKnownFileType = sourcecode.swift; path = CameraPreviewView.swift; sourceTree = "<group>"; };
		B10000000000000000000022 /* MedBoxApp.entitlements */ = {isa = PBXFileReference; lastKnownFileType = text.plist.entitlements; path = MedBoxApp.entitlements; sourceTree = "<group>"; };
		B10000000000000000000023 /* MJPEGFrameParserXCTest.swift */ = {isa = PBXFileReference; lastKnownFileType = sourcecode.swift; path = MJPEGFrameParserXCTest.swift; sourceTree = "<group>"; };
		B10000000000000000000024 /* CameraActionFeatures.swift */ = {isa = PBXFileReference; lastKnownFileType = sourcecode.swift; path = CameraActionFeatures.swift; sourceTree = "<group>"; };
		B10000000000000000000025 /* CameraActionInferenceEngine.swift */ = {isa = PBXFileReference; lastKnownFileType = sourcecode.swift; path = CameraActionInferenceEngine.swift; sourceTree = "<group>"; };
		B10000000000000000000026 /* CameraActionClassifier.mlmodel */ = {isa = PBXFileReference; lastKnownFileType = file.mlmodel; path = CameraActionClassifier.mlmodel; sourceTree = "<group>"; };
		B10000000000000000000027 /* hand_landmarker.task */ = {isa = PBXFileReference; path = hand_landmarker.task; sourceTree = "<group>"; };
		B10000000000000000000028 /* pose_landmarker_lite.task */ = {isa = PBXFileReference; path = pose_landmarker_lite.task; sourceTree = "<group>"; };
		B10000000000000000000029 /* CameraActionFeaturesXCTest.swift */ = {isa = PBXFileReference; lastKnownFileType = sourcecode.swift; path = CameraActionFeaturesXCTest.swift; sourceTree = "<group>"; };
		EEF86A29B464FF185D5F9647 /* Pods-MedBoxApp.release.xcconfig */ = {isa = PBXFileReference; includeInIndex = 1; lastKnownFileType = text.xcconfig; name = "Pods-MedBoxApp.release.xcconfig"; path = "Target Support Files/Pods-MedBoxApp/Pods-MedBoxApp.release.xcconfig"; sourceTree = "<group>"; };
/* End PBXFileReference section */

/* Begin PBXFrameworksBuildPhase section */
		F10000000000000000000001 /* Frameworks */ = {
			isa = PBXFrameworksBuildPhase;
			buildActionMask = 2147483647;
			files = (
				5F180467FD2C5FF45186F7E0 /* Pods_MedBoxApp.framework in Frameworks */,
			);
			runOnlyForDeploymentPostprocessing = 0;
		};
		F10000000000000000000002 /* Frameworks */ = {
			isa = PBXFrameworksBuildPhase;
			buildActionMask = 2147483647;
			files = (
			);
			runOnlyForDeploymentPostprocessing = 0;
		};
/* End PBXFrameworksBuildPhase section */

/* Begin PBXGroup section */
		057692DFA1F68EDC34107591 /* Pods */ = {
			isa = PBXGroup;
			children = (
				032E6F64919BF7B7BB489659 /* Pods-MedBoxApp.debug.xcconfig */,
				EEF86A29B464FF185D5F9647 /* Pods-MedBoxApp.release.xcconfig */,
			);
			name = Pods;
			path = Pods;
			sourceTree = "<group>";
		};
		7CCBE65EF86DAA2EAA9D32CE /* Frameworks */ = {
			isa = PBXGroup;
			children = (
				1E2F9F8CA5F50410B3124BB4 /* Pods_MedBoxApp.framework */,
			);
			name = Frameworks;
			sourceTree = "<group>";
		};
		G10000000000000000000001 = {
			isa = PBXGroup;
			children = (
				G10000000000000000000002 /* MedBoxApp */,
				G10000000000000000000008 /* Protocol */,
				G10000000000000000000009 /* MedBoxAppTests */,
				G1000000000000000000000A /* Products */,
				057692DFA1F68EDC34107591 /* Pods */,
				7CCBE65EF86DAA2EAA9D32CE /* Frameworks */,
			);
			sourceTree = "<group>";
		};
		G10000000000000000000002 /* MedBoxApp */ = {
			isa = PBXGroup;
			children = (
				B10000000000000000000001 /* MedBoxApp.swift */,
				G10000000000000000000003 /* Models */,
				G10000000000000000000004 /* Bluetooth */,
				G10000000000000000000005 /* Persistence */,
				G1000000000000000000000B /* Services */,
				G10000000000000000000006 /* ViewModels */,
				G10000000000000000000007 /* Views */,
				G1000000000000000000000C /* Resources */,
				B10000000000000000000012 /* Assets.xcassets */,
				B10000000000000000000014 /* Info.plist */,
				B10000000000000000000022 /* MedBoxApp.entitlements */,
			);
			path = MedBoxApp;
			sourceTree = "<group>";
		};
		G10000000000000000000003 /* Models */ = {
			isa = PBXGroup;
			children = (
				B10000000000000000000004 /* Medication.swift */,
				B10000000000000000000005 /* MedicationEventRecord.swift */,
				B10000000000000000000017 /* AppLanguage.swift */,
				B10000000000000000000018 /* Prescription.swift */,
			);
			path = Models;
			sourceTree = "<group>";
		};
		G10000000000000000000004 /* Bluetooth */ = {
			isa = PBXGroup;
			children = (
				B10000000000000000000006 /* MedicationDeviceTransport.swift */,
				B10000000000000000000007 /* BLEManager.swift */,
				B10000000000000000000008 /* MockMedicationDevice.swift */,
			);
			path = Bluetooth;
			sourceTree = "<group>";
		};
		G10000000000000000000005 /* Persistence */ = {
			isa = PBXGroup;
			children = (
				B10000000000000000000009 /* EventHistoryStore.swift */,
				B10000000000000000000019 /* PrescriptionStore.swift */,
				B1000000000000000000001A /* PatientIdentityStore.swift */,
			);
			path = Persistence;
			sourceTree = "<group>";
		};
		G10000000000000000000006 /* ViewModels */ = {
			isa = PBXGroup;
			children = (
				B1000000000000000000000A /* MedicationAppViewModel.swift */,
			);
			path = ViewModels;
			sourceTree = "<group>";
		};
		G10000000000000000000007 /* Views */ = {
			isa = PBXGroup;
			children = (
				B1000000000000000000000B /* AppTheme.swift */,
				B1000000000000000000000C /* RootView.swift */,
				B1000000000000000000000D /* HomeView.swift */,
				B1000000000000000000000E /* MedicationFlowView.swift */,
				B1000000000000000000000F /* ResultView.swift */,
				B10000000000000000000010 /* HistoryView.swift */,
				B10000000000000000000011 /* DeviceStatusView.swift */,
				B1000000000000000000001D /* AddPrescriptionView.swift */,
				B1000000000000000000001E /* DoctorView.swift */,
				B10000000000000000000021 /* CameraPreviewView.swift */,
			);
			path = Views;
			sourceTree = "<group>";
		};
		G10000000000000000000008 /* Protocol */ = {
			isa = PBXGroup;
			children = (
				B10000000000000000000002 /* BLEProtocol.swift */,
				B10000000000000000000003 /* BLEMessageParser.swift */,
			);
			name = Protocol;
			path = Sources/MedBoxProtocol;
			sourceTree = SOURCE_ROOT;
		};
		G10000000000000000000009 /* MedBoxAppTests */ = {
			isa = PBXGroup;
			children = (
				B10000000000000000000013 /* BLEMessageParserXCTest.swift */,
				B10000000000000000000023 /* MJPEGFrameParserXCTest.swift */,
				B10000000000000000000029 /* CameraActionFeaturesXCTest.swift */,
			);
			path = MedBoxAppTests;
			sourceTree = "<group>";
		};
		G1000000000000000000000A /* Products */ = {
			isa = PBXGroup;
			children = (
				B10000000000000000000015 /* MedBoxApp.app */,
				B10000000000000000000016 /* MedBoxAppTests.xctest */,
			);
			name = Products;
			sourceTree = "<group>";
		};
		G1000000000000000000000B /* Services */ = {
			isa = PBXGroup;
			children = (
				B1000000000000000000001B /* PatientDataProvider.swift */,
				B1000000000000000000001C /* MedicationReminderScheduler.swift */,
				B1000000000000000000001F /* MJPEGFrameParser.swift */,
				B10000000000000000000020 /* MedBoxCameraManager.swift */,
				B10000000000000000000024 /* CameraActionFeatures.swift */,
				B10000000000000000000025 /* CameraActionInferenceEngine.swift */,
			);
			path = Services;
			sourceTree = "<group>";
		};
		G1000000000000000000000C /* Resources */ = {
			isa = PBXGroup;
			children = (
				B10000000000000000000026 /* CameraActionClassifier.mlmodel */,
				B10000000000000000000027 /* hand_landmarker.task */,
				B10000000000000000000028 /* pose_landmarker_lite.task */,
			);
			path = Resources;
			sourceTree = "<group>";
		};
/* End PBXGroup section */

/* Begin PBXNativeTarget section */
		E10000000000000000000001 /* MedBoxApp */ = {
			isa = PBXNativeTarget;
			buildConfigurationList = H10000000000000000000002 /* Build configuration list for PBXNativeTarget "MedBoxApp" */;
			buildPhases = (
				215C4BC94A3092F96A746726 /* [CP] Check Pods Manifest.lock */,
				I10000000000000000000001 /* Sources */,
				F10000000000000000000001 /* Frameworks */,
				J10000000000000000000001 /* Resources */,
			);
			buildRules = (
			);
			dependencies = (
			);
			name = MedBoxApp;
			productName = MedBoxApp;
			productReference = B10000000000000000000015 /* MedBoxApp.app */;
			productType = "com.apple.product-type.application";
		};
		E10000000000000000000002 /* MedBoxAppTests */ = {
			isa = PBXNativeTarget;
			buildConfigurationList = H10000000000000000000003 /* Build configuration list for PBXNativeTarget "MedBoxAppTests" */;
			buildPhases = (
				I10000000000000000000002 /* Sources */,
				F10000000000000000000002 /* Frameworks */,
				J10000000000000000000002 /* Resources */,
			);
			buildRules = (
			);
			dependencies = (
				K10000000000000000000001 /* PBXTargetDependency */,
			);
			name = MedBoxAppTests;
			productName = MedBoxAppTests;
			productReference = B10000000000000000000016 /* MedBoxAppTests.xctest */;
			productType = "com.apple.product-type.bundle.unit-test";
		};
/* End PBXNativeTarget section */

/* Begin PBXProject section */
		D10000000000000000000001 /* Project object */ = {
			isa = PBXProject;
			attributes = {
				BuildIndependentTargetsInParallel = YES;
				LastSwiftUpdateCheck = 1600;
				LastUpgradeCheck = 1600;
				TargetAttributes = {
					E10000000000000000000001 = {
						CreatedOnToolsVersion = 16.0;
					};
					E10000000000000000000002 = {
						CreatedOnToolsVersion = 16.0;
						TestTargetID = E10000000000000000000001;
					};
				};
			};
			buildConfigurationList = H10000000000000000000001 /* Build configuration list for PBXProject "MedBoxApp" */;
			compatibilityVersion = "Xcode 15.0";
			developmentRegion = en;
			hasScannedForEncodings = 0;
			knownRegions = (
				en,
				Base,
			);
			mainGroup = G10000000000000000000001;
			productRefGroup = G1000000000000000000000A /* Products */;
			projectDirPath = "";
			projectRoot = "";
			targets = (
				E10000000000000000000001 /* MedBoxApp */,
				E10000000000000000000002 /* MedBoxAppTests */,
			);
		};
/* End PBXProject section */

/* Begin PBXResourcesBuildPhase section */
		J10000000000000000000001 /* Resources */ = {
			isa = PBXResourcesBuildPhase;
			buildActionMask = 2147483647;
			files = (
				A10000000000000000000012 /* Assets.xcassets in Resources */,
				A10000000000000000000022 /* CameraActionClassifier.mlmodel in Resources */,
				A10000000000000000000023 /* hand_landmarker.task in Resources */,
				A10000000000000000000024 /* pose_landmarker_lite.task in Resources */,
			);
			runOnlyForDeploymentPostprocessing = 0;
		};
		J10000000000000000000002 /* Resources */ = {
			isa = PBXResourcesBuildPhase;
			buildActionMask = 2147483647;
			files = (
			);
			runOnlyForDeploymentPostprocessing = 0;
		};
/* End PBXResourcesBuildPhase section */

/* Begin PBXShellScriptBuildPhase section */
		215C4BC94A3092F96A746726 /* [CP] Check Pods Manifest.lock */ = {
			isa = PBXShellScriptBuildPhase;
			buildActionMask = 2147483647;
			files = (
			);
			inputFileListPaths = (
			);
			inputPaths = (
				"${PODS_PODFILE_DIR_PATH}/Podfile.lock",
				"${PODS_ROOT}/Manifest.lock",
			);
			name = "[CP] Check Pods Manifest.lock";
			outputFileListPaths = (
			);
			outputPaths = (
				"$(DERIVED_FILE_DIR)/Pods-MedBoxApp-checkManifestLockResult.txt",
			);
			runOnlyForDeploymentPostprocessing = 0;
			shellPath = /bin/sh;
			shellScript = "diff \"${PODS_PODFILE_DIR_PATH}/Podfile.lock\" \"${PODS_ROOT}/Manifest.lock\" > /dev/null\nif [ $? != 0 ] ; then\n    # print error to STDERR\n    echo \"error: The sandbox is not in sync with the Podfile.lock. Run 'pod install' or update your CocoaPods installation.\" >&2\n    exit 1\nfi\n# This output is used by Xcode 'outputs' to avoid re-running this script phase.\necho \"SUCCESS\" > \"${SCRIPT_OUTPUT_FILE_0}\"\n";
			showEnvVarsInLog = 0;
		};
/* End PBXShellScriptBuildPhase section */

/* Begin PBXSourcesBuildPhase section */
		I10000000000000000000001 /* Sources */ = {
			isa = PBXSourcesBuildPhase;
			buildActionMask = 2147483647;
			files = (
				A10000000000000000000001 /* MedBoxApp.swift in Sources */,
				A10000000000000000000002 /* BLEProtocol.swift in Sources */,
				A10000000000000000000003 /* BLEMessageParser.swift in Sources */,
				A10000000000000000000004 /* Medication.swift in Sources */,
				A10000000000000000000005 /* MedicationEventRecord.swift in Sources */,
				A10000000000000000000006 /* MedicationDeviceTransport.swift in Sources */,
				A10000000000000000000007 /* BLEManager.swift in Sources */,
				A10000000000000000000008 /* MockMedicationDevice.swift in Sources */,
				A10000000000000000000009 /* EventHistoryStore.swift in Sources */,
				A1000000000000000000000A /* MedicationAppViewModel.swift in Sources */,
				A1000000000000000000000B /* AppTheme.swift in Sources */,
				A1000000000000000000000C /* RootView.swift in Sources */,
				A1000000000000000000000D /* HomeView.swift in Sources */,
				A1000000000000000000000E /* MedicationFlowView.swift in Sources */,
				A1000000000000000000000F /* ResultView.swift in Sources */,
				A10000000000000000000010 /* HistoryView.swift in Sources */,
				A10000000000000000000011 /* DeviceStatusView.swift in Sources */,
				A10000000000000000000014 /* AppLanguage.swift in Sources */,
				A10000000000000000000015 /* Prescription.swift in Sources */,
				A10000000000000000000016 /* PrescriptionStore.swift in Sources */,
				A10000000000000000000017 /* PatientIdentityStore.swift in Sources */,
				A10000000000000000000018 /* PatientDataProvider.swift in Sources */,
				A10000000000000000000019 /* MedicationReminderScheduler.swift in Sources */,
				A1000000000000000000001A /* AddPrescriptionView.swift in Sources */,
				A1000000000000000000001B /* DoctorView.swift in Sources */,
				A1000000000000000000001C /* MJPEGFrameParser.swift in Sources */,
				A1000000000000000000001D /* MedBoxCameraManager.swift in Sources */,
				A1000000000000000000001E /* CameraPreviewView.swift in Sources */,
				A10000000000000000000020 /* CameraActionFeatures.swift in Sources */,
				A10000000000000000000021 /* CameraActionInferenceEngine.swift in Sources */,
			);
			runOnlyForDeploymentPostprocessing = 0;
		};
		I10000000000000000000002 /* Sources */ = {
			isa = PBXSourcesBuildPhase;
			buildActionMask = 2147483647;
			files = (
				A10000000000000000000013 /* BLEMessageParserXCTest.swift in Sources */,
				A1000000000000000000001F /* MJPEGFrameParserXCTest.swift in Sources */,
				A10000000000000000000025 /* CameraActionFeaturesXCTest.swift in Sources */,
			);
			runOnlyForDeploymentPostprocessing = 0;
		};
/* End PBXSourcesBuildPhase section */

/* Begin PBXTargetDependency section */
		K10000000000000000000001 /* PBXTargetDependency */ = {
			isa = PBXTargetDependency;
			target = E10000000000000000000001 /* MedBoxApp */;
			targetProxy = C10000000000000000000001 /* PBXContainerItemProxy */;
		};
/* End PBXTargetDependency section */

/* Begin XCBuildConfiguration section */
		L10000000000000000000001 /* Debug */ = {
			isa = XCBuildConfiguration;
			buildSettings = {
				ALWAYS_SEARCH_USER_PATHS = NO;
				CLANG_ENABLE_MODULES = YES;
				CLANG_ENABLE_OBJC_ARC = YES;
				COPY_PHASE_STRIP = NO;
				DEBUG_INFORMATION_FORMAT = dwarf;
				ENABLE_TESTABILITY = YES;
				GCC_C_LANGUAGE_STANDARD = gnu17;
				GCC_OPTIMIZATION_LEVEL = 0;
				IPHONEOS_DEPLOYMENT_TARGET = 17.0;
				MTL_ENABLE_DEBUG_INFO = INCLUDE_SOURCE;
				ONLY_ACTIVE_ARCH = YES;
				SDKROOT = iphoneos;
				SWIFT_ACTIVE_COMPILATION_CONDITIONS = "DEBUG $(inherited)";
				SWIFT_OPTIMIZATION_LEVEL = "-Onone";
			};
			name = Debug;
		};
		L10000000000000000000002 /* Release */ = {
			isa = XCBuildConfiguration;
			buildSettings = {
				ALWAYS_SEARCH_USER_PATHS = NO;
				CLANG_ENABLE_MODULES = YES;
				CLANG_ENABLE_OBJC_ARC = YES;
				COPY_PHASE_STRIP = NO;
				DEBUG_INFORMATION_FORMAT = "dwarf-with-dsym";
				ENABLE_NS_ASSERTIONS = NO;
				GCC_C_LANGUAGE_STANDARD = gnu17;
				IPHONEOS_DEPLOYMENT_TARGET = 17.0;
				SDKROOT = iphoneos;
				SWIFT_COMPILATION_MODE = wholemodule;
				VALIDATE_PRODUCT = YES;
			};
			name = Release;
		};
		L10000000000000000000003 /* Debug */ = {
			isa = XCBuildConfiguration;
			baseConfigurationReference = 032E6F64919BF7B7BB489659 /* Pods-MedBoxApp.debug.xcconfig */;
			buildSettings = {
				ASSETCATALOG_COMPILER_APPICON_NAME = AppIcon;
				ASSETCATALOG_COMPILER_GLOBAL_ACCENT_COLOR_NAME = AccentColor;
				CODE_SIGN_ENTITLEMENTS = MedBoxApp/MedBoxApp.entitlements;
				CODE_SIGN_STYLE = Automatic;
				CURRENT_PROJECT_VERSION = 1;
				DEVELOPMENT_ASSET_PATHS = "";
				GENERATE_INFOPLIST_FILE = NO;
				INFOPLIST_FILE = MedBoxApp/Info.plist;
				MARKETING_VERSION = 0.1.0;
				PRODUCT_BUNDLE_IDENTIFIER = com.example.MedBoxApp;
				PRODUCT_NAME = "$(TARGET_NAME)";
				SUPPORTED_PLATFORMS = "iphoneos iphonesimulator";
				SUPPORTS_MACCATALYST = NO;
				SWIFT_EMIT_LOC_STRINGS = YES;
				SWIFT_VERSION = 5.0;
				TARGETED_DEVICE_FAMILY = 1;
			};
			name = Debug;
		};
		L10000000000000000000004 /* Release */ = {
			isa = XCBuildConfiguration;
			baseConfigurationReference = EEF86A29B464FF185D5F9647 /* Pods-MedBoxApp.release.xcconfig */;
			buildSettings = {
				ASSETCATALOG_COMPILER_APPICON_NAME = AppIcon;
				ASSETCATALOG_COMPILER_GLOBAL_ACCENT_COLOR_NAME = AccentColor;
				CODE_SIGN_ENTITLEMENTS = MedBoxApp/MedBoxApp.entitlements;
				CODE_SIGN_STYLE = Automatic;
				CURRENT_PROJECT_VERSION = 1;
				GENERATE_INFOPLIST_FILE = NO;
				INFOPLIST_FILE = MedBoxApp/Info.plist;
				MARKETING_VERSION = 0.1.0;
				PRODUCT_BUNDLE_IDENTIFIER = com.example.MedBoxApp;
				PRODUCT_NAME = "$(TARGET_NAME)";
				SUPPORTED_PLATFORMS = "iphoneos iphonesimulator";
				SUPPORTS_MACCATALYST = NO;
				SWIFT_EMIT_LOC_STRINGS = YES;
				SWIFT_VERSION = 5.0;
				TARGETED_DEVICE_FAMILY = 1;
			};
			name = Release;
		};
		L10000000000000000000005 /* Debug */ = {
			isa = XCBuildConfiguration;
			buildSettings = {
				BUNDLE_LOADER = "$(TEST_HOST)";
				CODE_SIGN_STYLE = Automatic;
				GENERATE_INFOPLIST_FILE = YES;
				IPHONEOS_DEPLOYMENT_TARGET = 17.0;
				PRODUCT_BUNDLE_IDENTIFIER = com.example.MedBoxAppTests;
				PRODUCT_NAME = "$(TARGET_NAME)";
				SWIFT_VERSION = 5.0;
				TARGETED_DEVICE_FAMILY = 1;
				TEST_HOST = "$(BUILT_PRODUCTS_DIR)/MedBoxApp.app/$(BUNDLE_EXECUTABLE_FOLDER_PATH)/MedBoxApp";
			};
			name = Debug;
		};
		L10000000000000000000006 /* Release */ = {
			isa = XCBuildConfiguration;
			buildSettings = {
				BUNDLE_LOADER = "$(TEST_HOST)";
				CODE_SIGN_STYLE = Automatic;
				GENERATE_INFOPLIST_FILE = YES;
				IPHONEOS_DEPLOYMENT_TARGET = 17.0;
				PRODUCT_BUNDLE_IDENTIFIER = com.example.MedBoxAppTests;
				PRODUCT_NAME = "$(TARGET_NAME)";
				SWIFT_VERSION = 5.0;
				TARGETED_DEVICE_FAMILY = 1;
				TEST_HOST = "$(BUILT_PRODUCTS_DIR)/MedBoxApp.app/$(BUNDLE_EXECUTABLE_FOLDER_PATH)/MedBoxApp";
			};
			name = Release;
		};
/* End XCBuildConfiguration section */

/* Begin XCConfigurationList section */
		H10000000000000000000001 /* Build configuration list for PBXProject "MedBoxApp" */ = {
			isa = XCConfigurationList;
			buildConfigurations = (
				L10000000000000000000001 /* Debug */,
				L10000000000000000000002 /* Release */,
			);
			defaultConfigurationIsVisible = 0;
			defaultConfigurationName = Release;
		};
		H10000000000000000000002 /* Build configuration list for PBXNativeTarget "MedBoxApp" */ = {
			isa = XCConfigurationList;
			buildConfigurations = (
				L10000000000000000000003 /* Debug */,
				L10000000000000000000004 /* Release */,
			);
			defaultConfigurationIsVisible = 0;
			defaultConfigurationName = Release;
		};
		H10000000000000000000003 /* Build configuration list for PBXNativeTarget "MedBoxAppTests" */ = {
			isa = XCConfigurationList;
			buildConfigurations = (
				L10000000000000000000005 /* Debug */,
				L10000000000000000000006 /* Release */,
			);
			defaultConfigurationIsVisible = 0;
			defaultConfigurationName = Release;
		};
/* End XCConfigurationList section */
	};
	rootObject = D10000000000000000000001 /* Project object */;
}
